
Microsoft Visual Studio Solution File, Format Version 12.00
# Visual Studio Version 17
VisualStudioVersion = 17.2.32414.248
MinimumVisualStudioVersion = 10.0.40219.1
Project("{9A19103F-16F7-4668-BE54-9A1E7A4F7556}") = "FetchDataFunctions", "FetchDataFunctions\FetchDataFunctions.csproj", "{5F30F45C-C421-4D40-8ACD-01542A9D2B68}"
EndProject
Project("{9A19103F-16F7-4668-BE54-9A1E7A4F7556}") = "WebsiteBackendFunctions", "WebsiteBackendFunctions\WebsiteBackendFunctions.csproj", "{4D237EF0-2A1C-42C5-A186-CB6130051512}"
EndProject
Global
	GlobalSection(SolutionConfigurationPlatforms) = preSolution
		Debug|Any CPU = Debug|Any CPU
		Release|Any CPU = Release|Any CPU
	EndGlobalSection
	GlobalSection(ProjectConfigurationPlatforms) = postSolution
		{5F30F45C-C421-4D40-8ACD-01542A9D2B68}.Debug|Any CPU.ActiveCfg = Debug|Any CPU
		{5F30F45C-C421-4D40-8ACD-01542A9D2B68}.Debug|Any CPU.Build.0 = Debug|Any CPU
		{5F30F45C-C421-4D40-8ACD-01542A9D2B68}.Release|Any CPU.ActiveCfg = Release|Any CPU
		{5F30F45C-C421-4D40-8ACD-01542A9D2B68}.Release|Any CPU.Build.0 = Release|Any CPU
		{4D237EF0-2A1C-42C5-A186-CB6130051512}.Debug|Any CPU.ActiveCfg = Debug|Any CPU
		{4D237EF0-2A1C-42C5-A186-CB6130051512}.Debug|Any CPU.Build.0 = Debug|Any CPU
		{4D237EF0-2A1C-42C5-A186-CB6130051512}.Release|Any CPU.ActiveCfg = Release|Any CPU
		{4D237EF0-2A1C-42C5-A186-CB6130051512}.Release|Any CPU.Build.0 = Release|Any CPU
	EndGlobalSection
	GlobalSection(SolutionProperties) = preSolution
		HideSolutionNode = FALSE
	EndGlobalSection
	GlobalSection(ExtensibilityGlobals) = postSolution
		SolutionGuid = {3BCA4E95-C7AF-43D7-B11F-89644F54D0C5}
	EndGlobalSection
EndGlobal
